
Microsoft Visual Studio Solution File, Format Version 12.00
# Visual Studio Version 16
VisualStudioVersion = 16.0.30907.101
MinimumVisualStudioVersion = 10.0.40219.1
Project("{9A19103F-16F7-4668-BE54-9A1E7A4F7556}") = "BookStore.API", "src\BookStore.API\BookStore.API.csproj", "{26BADE20-7100-4863-8D0F-C1440B3782E7}"
EndProject
Project("{9A19103F-16F7-4668-BE54-9A1E7A4F7556}") = "BookStore.Domain", "src\BookStore.Domain\BookStore.Domain.csproj", "{93BE775B-825A-4C1B-825E-0D3625E6A59C}"
EndProject
Project("{9A19103F-16F7-4668-BE54-9A1E7A4F7556}") = "BookStore.Infrastructure", "src\BookStore.Infrastructure\BookStore.Infrastructure.csproj", "{13C92676-B6F5-4955-AD4B-CB6D7C0D80F8}"
EndProject
Project("{2150E333-8FDC-42A3-9474-1A3956D46DE8}") = "tests", "tests", "{94AC6651-A7C5-404F-A551-3B94E0FA8272}"
EndProject
Project("{9A19103F-16F7-4668-BE54-9A1E7A4F7556}") = "BookStore.Domain.Tests", "BookStore.Domain.Tests\BookStore.Domain.Tests.csproj", "{F72C8D24-B632-4EAC-8B68-4368B79D946D}"
EndProject
Project("{9A19103F-16F7-4668-BE54-9A1E7A4F7556}") = "BookStore.API.Tests", "BookStore.API.Tests\BookStore.API.Tests.csproj", "{4AB8C753-E0DB-4A2A-A6F8-EB2AAD30C976}"
EndProject
Global
	GlobalSection(SolutionConfigurationPlatforms) = preSolution
		Debug|Any CPU = Debug|Any CPU
		Release|Any CPU = Release|Any CPU
	EndGlobalSection
	GlobalSection(ProjectConfigurationPlatforms) = postSolution
		{26BADE20-7100-4863-8D0F-C1440B3782E7}.Debug|Any CPU.ActiveCfg = Debug|Any CPU
		{26BADE20-7100-4863-8D0F-C1440B3782E7}.Debug|Any CPU.Build.0 = Debug|Any CPU
		{26BADE20-7100-4863-8D0F-C1440B3782E7}.Release|Any CPU.ActiveCfg = Release|Any CPU
		{26BADE20-7100-4863-8D0F-C1440B3782E7}.Release|Any CPU.Build.0 = Release|Any CPU
		{93BE775B-825A-4C1B-825E-0D3625E6A59C}.Debug|Any CPU.ActiveCfg = Debug|Any CPU
		{93BE775B-825A-4C1B-825E-0D3625E6A59C}.Debug|Any CPU.Build.0 = Debug|Any CPU
		{93BE775B-825A-4C1B-825E-0D3625E6A59C}.Release|Any CPU.ActiveCfg = Release|Any CPU
		{93BE775B-825A-4C1B-825E-0D3625E6A59C}.Release|Any CPU.Build.0 = Release|Any CPU
		{13C92676-B6F5-4955-AD4B-CB6D7C0D80F8}.Debug|Any CPU.ActiveCfg = Debug|Any CPU
		{13C92676-B6F5-4955-AD4B-CB6D7C0D80F8}.Debug|Any CPU.Build.0 = Debug|Any CPU
		{13C92676-B6F5-4955-AD4B-CB6D7C0D80F8}.Release|Any CPU.ActiveCfg = Release|Any CPU
		{13C92676-B6F5-4955-AD4B-CB6D7C0D80F8}.Release|Any CPU.Build.0 = Release|Any CPU
		{F72C8D24-B632-4EAC-8B68-4368B79D946D}.Debug|Any CPU.ActiveCfg = Debug|Any CPU
		{F72C8D24-B632-4EAC-8B68-4368B79D946D}.Debug|Any CPU.Build.0 = Debug|Any CPU
		{F72C8D24-B632-4EAC-8B68-4368B79D946D}.Release|Any CPU.ActiveCfg = Release|Any CPU
		{F72C8D24-B632-4EAC-8B68-4368B79D946D}.Release|Any CPU.Build.0 = Release|Any CPU
		{4AB8C753-E0DB-4A2A-A6F8-EB2AAD30C976}.Debug|Any CPU.ActiveCfg = Debug|Any CPU
		{4AB8C753-E0DB-4A2A-A6F8-EB2AAD30C976}.Debug|Any CPU.Build.0 = Debug|Any CPU
		{4AB8C753-E0DB-4A2A-A6F8-EB2AAD30C976}.Release|Any CPU.ActiveCfg = Release|Any CPU
		{4AB8C753-E0DB-4A2A-A6F8-EB2AAD30C976}.Release|Any CPU.Build.0 = Release|Any CPU
	EndGlobalSection
	GlobalSection(SolutionProperties) = preSolution
		HideSolutionNode = FALSE
	EndGlobalSection
	GlobalSection(NestedProjects) = preSolution
		{F72C8D24-B632-4EAC-8B68-4368B79D946D} = {94AC6651-A7C5-404F-A551-3B94E0FA8272}
		{4AB8C753-E0DB-4A2A-A6F8-EB2AAD30C976} = {94AC6651-A7C5-404F-A551-3B94E0FA8272}
	EndGlobalSection
	GlobalSection(ExtensibilityGlobals) = postSolution
		SolutionGuid = {0AE6C225-B668-4E62-AAEE-25CD4A233058}
	EndGlobalSection
EndGlobal
